
Microsoft Visual Studio Solution File, Format Version 12.00
# Visual Studio Version 17
VisualStudioVersion = 17.6.33829.357
MinimumVisualStudioVersion = 10.0.40219.1
Project("{FAE04EC0-301F-11D3-BF4B-00C04F79EFBC}") = "CyberArkOracleAPI", "CyberArkOracleAPI\CyberArkOracleAPI.csproj", "{9964B39E-19FF-4794-B198-BE528A8D2AFC}"
EndProject
Global
	GlobalSection(SolutionConfigurationPlatforms) = preSolution
		Debug|Any CPU = Debug|Any CPU
		Release|Any CPU = Release|Any CPU
	EndGlobalSection
	GlobalSection(ProjectConfigurationPlatforms) = postSolution
		{9964B39E-19FF-4794-B198-BE528A8D2AFC}.Debug|Any CPU.ActiveCfg = Debug|Any CPU
		{9964B39E-19FF-4794-B198-BE528A8D2AFC}.Debug|Any CPU.Build.0 = Debug|Any CPU
		{9964B39E-19FF-4794-B198-BE528A8D2AFC}.Release|Any CPU.ActiveCfg = Release|Any CPU
		{9964B39E-19FF-4794-B198-BE528A8D2AFC}.Release|Any CPU.Build.0 = Release|Any CPU
	EndGlobalSection
	GlobalSection(SolutionProperties) = preSolution
		HideSolutionNode = FALSE
	EndGlobalSection
	GlobalSection(ExtensibilityGlobals) = postSolution
		SolutionGuid = {E805AA65-2200-4064-9553-866C68B5EE32}
	EndGlobalSection
EndGlobal
